// !$*UTF8*$!
{
	archiveVersion = 1;
	classes = {
	};
	objectVersion = 50;
	objects = {

/* Begin PBXBuildFile section */
		AED9FF5624D98DFC007D2853 /* AppDelegate.swift in Sources */ = {isa = PBXBuildFile; fileRef = AED9FF5524D98DFC007D2853 /* AppDelegate.swift */; };
		AED9FF5824D98DFC007D2853 /* SceneDelegate.swift in Sources */ = {isa = PBXBuildFile; fileRef = AED9FF5724D98DFC007D2853 /* SceneDelegate.swift */; };
		AED9FF5A24D98DFC007D2853 /* ContentView.swift in Sources */ = {isa = PBXBuildFile; fileRef = AED9FF5924D98DFC007D2853 /* ContentView.swift */; };
		AED9FF5C24D98DFE007D2853 /* Assets.xcassets in Resources */ = {isa = PBXBuildFile; fileRef = AED9FF5B24D98DFE007D2853 /* Assets.xcassets */; };
		AED9FF5F24D98DFE007D2853 /* Preview Assets.xcassets in Resources */ = {isa = PBXBuildFile; fileRef = AED9FF5E24D98DFE007D2853 /* Preview Assets.xcassets */; };
		AED9FF6224D98DFE007D2853 /* LaunchScreen.storyboard in Resources */ = {isa = PBXBuildFile; fileRef = AED9FF6024D98DFE007D2853 /* LaunchScreen.storyboard */; };
/* End PBXBuildFile section */

/* Begin PBXContainerItemProxy section */
		AED9FF6924D98DFE007D2853 /* PBXContainerItemProxy */ = {
			isa = PBXContainerItemProxy;
			containerPortal = AED9FF4A24D98DFC007D2853 /* Project object */;
			proxyType = 1;
			remoteGlobalIDString = AED9FF5124D98DFC007D2853;
			remoteInfo = Instafilter;
		};
		AED9FF7424D98DFF007D2853 /* PBXContainerItemProxy */ = {
			isa = PBXContainerItemProxy;
			containerPortal = AED9FF4A24D98DFC007D2853 /* Project object */;
			proxyType = 1;
			remoteGlobalIDString = AED9FF5124D98DFC007D2853;
			remoteInfo = Instafilter;
		};
/* End PBXContainerItemProxy section */

/* Begin PBXFileReference section */
		AED9FF5224D98DFC007D2853 /* Instafilter.app */ = {isa = PBXFileReference; explicitFileType = wrapper.application; includeInIndex = 0; path = Instafilter.app; sourceTree = BUILT_PRODUCTS_DIR; };
		AED9FF5524D98DFC007D2853 /* AppDelegate.swift */ = {isa = PBXFileReference; lastKnownFileType = sourcecode.swift; path = AppDelegate.swift; sourceTree = "<group>"; };
		AED9FF5724D98DFC007D2853 /* SceneDelegate.swift */ = {isa = PBXFileReference; lastKnownFileType = sourcecode.swift; path = SceneDelegate.swift; sourceTree = "<group>"; };
		AED9FF5924D98DFC007D2853 /* ContentView.swift */ = {isa = PBXFileReference; lastKnownFileType = sourcecode.swift; path = ContentView.swift; sourceTree = "<group>"; };
		AED9FF5B24D98DFE007D2853 /* Assets.xcassets */ = {isa = PBXFileReference; lastKnownFileType = folder.assetcatalog; path = Assets.xcassets; sourceTree = "<group>"; };
		AED9FF5E24D98DFE007D2853 /* Preview Assets.xcassets */ = {isa = PBXFileReference; lastKnownFileType = folder.assetcatalog; path = "Preview Assets.xcassets"; sourceTree = "<group>"; };
		AED9FF6124D98DFE007D2853 /* Base */ = {isa = PBXFileReference; lastKnownFileType = file.storyboard; name = Base; path = Base.lproj/LaunchScreen.storyboard; sourceTree = "<group>"; };
		AED9FF6324D98DFE007D2853 /* Info.plist */ = {isa = PBXFileReference; lastKnownFileType = text.plist.xml; path = Info.plist; sourceTree = "<group>"; };
		AED9FF6824D98DFE007D2853 /* InstafilterTests.xctest */ = {isa = PBXFileReference; explicitFileType = wrapper.cfbundle; includeInIndex = 0; path = InstafilterTests.xctest; sourceTree = BUILT_PRODUCTS_DIR; };
		AED9FF7324D98DFF007D2853 /* InstafilterUITests.xctest */ = {isa = PBXFileReference; explicitFileType = wrapper.cfbundle; includeInIndex = 0; path = InstafilterUITests.xctest; sourceTree = BUILT_PRODUCTS_DIR; };
		AED9FF8524D98EC6007D2853 /* README.md */ = {isa = PBXFileReference; lastKnownFileType = net.daringfireball.markdown; path = README.md; sourceTree = "<group>"; };
/* End PBXFileReference section */

/* Begin PBXFrameworksBuildPhase section */
		AED9FF4F24D98DFC007D2853 /* Frameworks */ = {
			isa = PBXFrameworksBuildPhase;
			buildActionMask = 2147483647;
			files = (
			);
			runOnlyForDeploymentPostprocessing = 0;
		};
		AED9FF6524D98DFE007D2853 /* Frameworks */ = {
			isa = PBXFrameworksBuildPhase;
			buildActionMask = 2147483647;
			files = (
			);
			runOnlyForDeploymentPostprocessing = 0;
		};
		AED9FF7024D98DFF007D2853 /* Frameworks */ = {
			isa = PBXFrameworksBuildPhase;
			buildActionMask = 2147483647;
			files = (
			);
			runOnlyForDeploymentPostprocessing = 0;
		};
/* End PBXFrameworksBuildPhase section */

/* Begin PBXGroup section */
		AED9FF4924D98DFC007D2853 = {
			isa = PBXGroup;
			children = (
				AED9FF8524D98EC6007D2853 /* README.md */,
				AED9FF5424D98DFC007D2853 /* Instafilter */,
				AED9FF5324D98DFC007D2853 /* Products */,
			);
			sourceTree = "<group>";
		};
		AED9FF5324D98DFC007D2853 /* Products */ = {
			isa = PBXGroup;
			children = (
				AED9FF5224D98DFC007D2853 /* Instafilter.app */,
				AED9FF6824D98DFE007D2853 /* InstafilterTests.xctest */,
				AED9FF7324D98DFF007D2853 /* InstafilterUITests.xctest */,
			);
			name = Products;
			sourceTree = "<group>";
		};
		AED9FF5424D98DFC007D2853 /* Instafilter */ = {
			isa = PBXGroup;
			children = (
				AED9FF5524D98DFC007D2853 /* AppDelegate.swift */,
				AED9FF5724D98DFC007D2853 /* SceneDelegate.swift */,
				AED9FF5924D98DFC007D2853 /* ContentView.swift */,
				AED9FF5B24D98DFE007D2853 /* Assets.xcassets */,
				AED9FF6024D98DFE007D2853 /* LaunchScreen.storyboard */,
				AED9FF6324D98DFE007D2853 /* Info.plist */,
				AED9FF5D24D98DFE007D2853 /* Preview Content */,
			);
			path = Instafilter;
			sourceTree = "<group>";
		};
		AED9FF5D24D98DFE007D2853 /* Preview Content */ = {
			isa = PBXGroup;
			children = (
				AED9FF5E24D98DFE007D2853 /* Preview Assets.xcassets */,
			);
			path = "Preview Content";
			sourceTree = "<group>";
		};
/* End PBXGroup section */

/* Begin PBXNativeTarget section */
		AED9FF5124D98DFC007D2853 /* Instafilter */ = {
			isa = PBXNativeTarget;
			buildConfigurationList = AED9FF7C24D98DFF007D2853 /* Build configuration list for PBXNativeTarget "Instafilter" */;
			buildPhases = (
				AED9FF4E24D98DFC007D2853 /* Sources */,
				AED9FF4F24D98DFC007D2853 /* Frameworks */,
				AED9FF5024D98DFC007D2853 /* Resources */,
			);
			buildRules = (
			);
			dependencies = (
			);
			name = Instafilter;
			productName = Instafilter;
			productReference = AED9FF5224D98DFC007D2853 /* Instafilter.app */;
			productType = "com.apple.product-type.application";
		};
		AED9FF6724D98DFE007D2853 /* InstafilterTests */ = {
			isa = PBXNativeTarget;
			buildConfigurationList = AED9FF7F24D98DFF007D2853 /* Build configuration list for PBXNativeTarget "InstafilterTests" */;
			buildPhases = (
				AED9FF6424D98DFE007D2853 /* Sources */,
				AED9FF6524D98DFE007D2853 /* Frameworks */,
				AED9FF6624D98DFE007D2853 /* Resources */,
			);
			buildRules = (
			);
			dependencies = (
				AED9FF6A24D98DFE007D2853 /* PBXTargetDependency */,
			);
			name = InstafilterTests;
			productName = InstafilterTests;
			productReference = AED9FF6824D98DFE007D2853 /* InstafilterTests.xctest */;
			productType = "com.apple.product-type.bundle.unit-test";
		};
		AED9FF7224D98DFF007D2853 /* InstafilterUITests */ = {
			isa = PBXNativeTarget;
			buildConfigurationList = AED9FF8224D98DFF007D2853 /* Build configuration list for PBXNativeTarget "InstafilterUITests" */;
			buildPhases = (
				AED9FF6F24D98DFF007D2853 /* Sources */,
				AED9FF7024D98DFF007D2853 /* Frameworks */,
				AED9FF7124D98DFF007D2853 /* Resources */,
			);
			buildRules = (
			);
			dependencies = (
				AED9FF7524D98DFF007D2853 /* PBXTargetDependency */,
			);
			name = InstafilterUITests;
			productName = InstafilterUITests;
			productReference = AED9FF7324D98DFF007D2853 /* InstafilterUITests.xctest */;
			productType = "com.apple.product-type.bundle.ui-testing";
		};
/* End PBXNativeTarget section */

/* Begin PBXProject section */
		AED9FF4A24D98DFC007D2853 /* Project object */ = {
			isa = PBXProject;
			attributes = {
				LastSwiftUpdateCheck = 1160;
				LastUpgradeCheck = 1160;
				ORGANIZATIONNAME = "Chris Eadie Designs";
				TargetAttributes = {
					AED9FF5124D98DFC007D2853 = {
						CreatedOnToolsVersion = 11.6;
					};
					AED9FF6724D98DFE007D2853 = {
						CreatedOnToolsVersion = 11.6;
						TestTargetID = AED9FF5124D98DFC007D2853;
					};
					AED9FF7224D98DFF007D2853 = {
						CreatedOnToolsVersion = 11.6;
						TestTargetID = AED9FF5124D98DFC007D2853;
					};
				};
			};
			buildConfigurationList = AED9FF4D24D98DFC007D2853 /* Build configuration list for PBXProject "Instafilter" */;
			compatibilityVersion = "Xcode 9.3";
			developmentRegion = en;
			hasScannedForEncodings = 0;
			knownRegions = (
				en,
				Base,
			);
			mainGroup = AED9FF4924D98DFC007D2853;
			productRefGroup = AED9FF5324D98DFC007D2853 /* Products */;
			projectDirPath = "";
			projectRoot = "";
			targets = (
				AED9FF5124D98DFC007D2853 /* Instafilter */,
				AED9FF6724D98DFE007D2853 /* InstafilterTests */,
				AED9FF7224D98DFF007D2853 /* InstafilterUITests */,
			);
		};
/* End PBXProject section */

/* Begin PBXResourcesBuildPhase section */
		AED9FF5024D98DFC007D2853 /* Resources */ = {
			isa = PBXResourcesBuildPhase;
			buildActionMask = 2147483647;
			files = (
				AED9FF6224D98DFE007D2853 /* LaunchScreen.storyboard in Resources */,
				AED9FF5F24D98DFE007D2853 /* Preview Assets.xcassets in Resources */,
				AED9FF5C24D98DFE007D2853 /* Assets.xcassets in Resources */,
			);
			runOnlyForDeploymentPostprocessing = 0;
		};
		AED9FF6624D98DFE007D2853 /* Resources */ = {
			isa = PBXResourcesBuildPhase;
			buildActionMask = 2147483647;
			files = (
			);
			runOnlyForDeploymentPostprocessing = 0;
		};
		AED9FF7124D98DFF007D2853 /* Resources */ = {
			isa = PBXResourcesBuildPhase;
			buildActionMask = 2147483647;
			files = (
			);
			runOnlyForDeploymentPostprocessing = 0;
		};
/* End PBXResourcesBuildPhase section */

/* Begin PBXSourcesBuildPhase section */
		AED9FF4E24D98DFC007D2853 /* Sources */ = {
			isa = PBXSourcesBuildPhase;
			buildActionMask = 2147483647;
			files = (
				AED9FF5624D98DFC007D2853 /* AppDelegate.swift in Sources */,
				AED9FF5824D98DFC007D2853 /* SceneDelegate.swift in Sources */,
				AED9FF5A24D98DFC007D2853 /* ContentView.swift in Sources */,
			);
			runOnlyForDeploymentPostprocessing = 0;
		};
		AED9FF6424D98DFE007D2853 /* Sources */ = {
			isa = PBXSourcesBuildPhase;
			buildActionMask = 2147483647;
			files = (
			);
			runOnlyForDeploymentPostprocessing = 0;
		};
		AED9FF6F24D98DFF007D2853 /* Sources */ = {
			isa = PBXSourcesBuildPhase;
			buildActionMask = 2147483647;
			files = (
			);
			runOnlyForDeploymentPostprocessing = 0;
		};
/* End PBXSourcesBuildPhase section */

/* Begin PBXTargetDependency section */
		AED9FF6A24D98DFE007D2853 /* PBXTargetDependency */ = {
			isa = PBXTargetDependency;
			target = AED9FF5124D98DFC007D2853 /* Instafilter */;
			targetProxy = AED9FF6924D98DFE007D2853 /* PBXContainerItemProxy */;
		};
		AED9FF7524D98DFF007D2853 /* PBXTargetDependency */ = {
			isa = PBXTargetDependency;
			target = AED9FF5124D98DFC007D2853 /* Instafilter */;
			targetProxy = AED9FF7424D98DFF007D2853 /* PBXContainerItemProxy */;
		};
/* End PBXTargetDependency section */

/* Begin PBXVariantGroup section */
		AED9FF6024D98DFE007D2853 /* LaunchScreen.storyboard */ = {
			isa = PBXVariantGroup;
			children = (
				AED9FF6124D98DFE007D2853 /* Base */,
			);
			name = LaunchScreen.storyboard;
			sourceTree = "<group>";
		};
/* End PBXVariantGroup section */

/* Begin XCBuildConfiguration section */
		AED9FF7A24D98DFF007D2853 /* Debug */ = {
			isa = XCBuildConfiguration;
			buildSettings = {
				ALWAYS_SEARCH_USER_PATHS = NO;
				CLANG_ANALYZER_NONNULL = YES;
				CLANG_ANALYZER_NUMBER_OBJECT_CONVERSION = YES_AGGRESSIVE;
				CLANG_CXX_LANGUAGE_STANDARD = "gnu++14";
				CLANG_CXX_LIBRARY = "libc++";
				CLANG_ENABLE_MODULES = YES;
				CLANG_ENABLE_OBJC_ARC = YES;
				CLANG_ENABLE_OBJC_WEAK = YES;
				CLANG_WARN_BLOCK_CAPTURE_AUTORELEASING = YES;
				CLANG_WARN_BOOL_CONVERSION = YES;
				CLANG_WARN_COMMA = YES;
				CLANG_WARN_CONSTANT_CONVERSION = YES;
				CLANG_WARN_DEPRECATED_OBJC_IMPLEMENTATIONS = YES;
				CLANG_WARN_DIRECT_OBJC_ISA_USAGE = YES_ERROR;
				CLANG_WARN_DOCUMENTATION_COMMENTS = YES;
				CLANG_WARN_EMPTY_BODY = YES;
				CLANG_WARN_ENUM_CONVERSION = YES;
				CLANG_WARN_INFINITE_RECURSION = YES;
				CLANG_WARN_INT_CONVERSION = YES;
				CLANG_WARN_NON_LITERAL_NULL_CONVERSION = YES;
				CLANG_WARN_OBJC_IMPLICIT_RETAIN_SELF = YES;
				CLANG_WARN_OBJC_LITERAL_CONVERSION = YES;
				CLANG_WARN_OBJC_ROOT_CLASS = YES_ERROR;
				CLANG_WARN_RANGE_LOOP_ANALYSIS = YES;
				CLANG_WARN_STRICT_PROTOTYPES = YES;
				CLANG_WARN_SUSPICIOUS_MOVE = YES;
				CLANG_WARN_UNGUARDED_AVAILABILITY = YES_AGGRESSIVE;
				CLANG_WARN_UNREACHABLE_CODE = YES;
				CLANG_WARN__DUPLICATE_METHOD_MATCH = YES;
				COPY_PHASE_STRIP = NO;
				DEBUG_INFORMATION_FORMAT = dwarf;
				ENABLE_STRICT_OBJC_MSGSEND = YES;
				ENABLE_TESTABILITY = YES;
				GCC_C_LANGUAGE_STANDARD = gnu11;
				GCC_DYNAMIC_NO_PIC = NO;
				GCC_NO_COMMON_BLOCKS = YES;
				GCC_OPTIMIZATION_LEVEL = 0;
				GCC_PREPROCESSOR_DEFINITIONS = (
					"DEBUG=1",
					"$(inherited)",
				);
				GCC_WARN_64_TO_32_BIT_CONVERSION = YES;
				GCC_WARN_ABOUT_RETURN_TYPE = YES_ERROR;
				GCC_WARN_UNDECLARED_SELECTOR = YES;
				GCC_WARN_UNINITIALIZED_AUTOS = YES_AGGRESSIVE;
				GCC_WARN_UNUSED_FUNCTION = YES;
				GCC_WARN_UNUSED_VARIABLE = YES;
				IPHONEOS_DEPLOYMENT_TARGET = 13.6;
				MTL_ENABLE_DEBUG_INFO = INCLUDE_SOURCE;
				MTL_FAST_MATH = YES;
				ONLY_ACTIVE_ARCH = YES;
				SDKROOT = iphoneos;
				SWIFT_ACTIVE_COMPILATION_CONDITIONS = DEBUG;
				SWIFT_OPTIMIZATION_LEVEL = "-Onone";
			};
			name = Debug;
		};
		AED9FF7B24D98DFF007D2853 /* Release */ = {
			isa = XCBuildConfiguration;
			buildSettings = {
				ALWAYS_SEARCH_USER_PATHS = NO;
				CLANG_ANALYZER_NONNULL = YES;
				CLANG_ANALYZER_NUMBER_OBJECT_CONVERSION = YES_AGGRESSIVE;
				CLANG_CXX_LANGUAGE_STANDARD = "gnu++14";
				CLANG_CXX_LIBRARY = "libc++";
				CLANG_ENABLE_MODULES = YES;
				CLANG_ENABLE_OBJC_ARC = YES;
				CLANG_ENABLE_OBJC_WEAK = YES;
				CLANG_WARN_BLOCK_CAPTURE_AUTORELEASING = YES;
				CLANG_WARN_BOOL_CONVERSION = YES;
				CLANG_WARN_COMMA = YES;
				CLANG_WARN_CONSTANT_CONVERSION = YES;
				CLANG_WARN_DEPRECATED_OBJC_IMPLEMENTATIONS = YES;
				CLANG_WARN_DIRECT_OBJC_ISA_USAGE = YES_ERROR;
				CLANG_WARN_DOCUMENTATION_COMMENTS = YES;
				CLANG_WARN_EMPTY_BODY = YES;
				CLANG_WARN_ENUM_CONVERSION = YES;
				CLANG_WARN_INFINITE_RECURSION = YES;
				CLANG_WARN_INT_CONVERSION = YES;
				CLANG_WARN_NON_LITERAL_NULL_CONVERSION = YES;
				CLANG_WARN_OBJC_IMPLICIT_RETAIN_SELF = YES;
				CLANG_WARN_OBJC_LITERAL_CONVERSION = YES;
				CLANG_WARN_OBJC_ROOT_CLASS = YES_ERROR;
				CLANG_WARN_RANGE_LOOP_ANALYSIS = YES;
				CLANG_WARN_STRICT_PROTOTYPES = YES;
				CLANG_WARN_SUSPICIOUS_MOVE = YES;
				CLANG_WARN_UNGUARDED_AVAILABILITY = YES_AGGRESSIVE;
				CLANG_WARN_UNREACHABLE_CODE = YES;
				CLANG_WARN__DUPLICATE_METHOD_MATCH = YES;
				COPY_PHASE_STRIP = NO;
				DEBUG_INFORMATION_FORMAT = "dwarf-with-dsym";
				ENABLE_NS_ASSERTIONS = NO;
				ENABLE_STRICT_OBJC_MSGSEND = YES;
				GCC_C_LANGUAGE_STANDARD = gnu11;
				GCC_NO_COMMON_BLOCKS = YES;
				GCC_WARN_64_TO_32_BIT_CONVERSION = YES;
				GCC_WARN_ABOUT_RETURN_TYPE = YES_ERROR;
				GCC_WARN_UNDECLARED_SELECTOR = YES;
				GCC_WARN_UNINITIALIZED_AUTOS = YES_AGGRESSIVE;
				GCC_WARN_UNUSED_FUNCTION = YES;
				GCC_WARN_UNUSED_VARIABLE = YES;
				IPHONEOS_DEPLOYMENT_TARGET = 13.6;
				MTL_ENABLE_DEBUG_INFO = NO;
				MTL_FAST_MATH = YES;
				SDKROOT = iphoneos;
				SWIFT_COMPILATION_MODE = wholemodule;
				SWIFT_OPTIMIZATION_LEVEL = "-O";
				VALIDATE_PRODUCT = YES;
			};
			name = Release;
		};
		AED9FF7D24D98DFF007D2853 /* Debug */ = {
			isa = XCBuildConfiguration;
			buildSettings = {
				ASSETCATALOG_COMPILER_APPICON_NAME = AppIcon;
				CODE_SIGN_STYLE = Automatic;
				DEVELOPMENT_ASSET_PATHS = "\"Instafilter/Preview Content\"";
				DEVELOPMENT_TEAM = Y3F5JHY7V5;
				ENABLE_PREVIEWS = YES;
				INFOPLIST_FILE = Instafilter/Info.plist;
				LD_RUNPATH_SEARCH_PATHS = (
					"$(inherited)",
					"@executable_path/Frameworks",
				);
				PRODUCT_BUNDLE_IDENTIFIER = CEDesigns.Instafilter;
				PRODUCT_NAME = "$(TARGET_NAME)";
				SWIFT_VERSION = 5.0;
				TARGETED_DEVICE_FAMILY = "1,2";
			};
			name = Debug;
		};
		AED9FF7E24D98DFF007D2853 /* Release */ = {
			isa = XCBuildConfiguration;
			buildSettings = {
				ASSETCATALOG_COMPILER_APPICON_NAME = AppIcon;
				CODE_SIGN_STYLE = Automatic;
				DEVELOPMENT_ASSET_PATHS = "\"Instafilter/Preview Content\"";
				DEVELOPMENT_TEAM = Y3F5JHY7V5;
				ENABLE_PREVIEWS = YES;
				INFOPLIST_FILE = Instafilter/Info.plist;
				LD_RUNPATH_SEARCH_PATHS = (
					"$(inherited)",
					"@executable_path/Frameworks",
				);
				PRODUCT_BUNDLE_IDENTIFIER = CEDesigns.Instafilter;
				PRODUCT_NAME = "$(TARGET_NAME)";
				SWIFT_VERSION = 5.0;
				TARGETED_DEVICE_FAMILY = "1,2";
			};
			name = Release;
		};
		AED9FF8024D98DFF007D2853 /* Debug */ = {
			isa = XCBuildConfiguration;
			buildSettings = {
				ALWAYS_EMBED_SWIFT_STANDARD_LIBRARIES = YES;
				BUNDLE_LOADER = "$(TEST_HOST)";
				CODE_SIGN_STYLE = Automatic;
				DEVELOPMENT_TEAM = Y3F5JHY7V5;
				INFOPLIST_FILE = InstafilterTests/Info.plist;
				IPHONEOS_DEPLOYMENT_TARGET = 13.6;
				LD_RUNPATH_SEARCH_PATHS = (
					"$(inherited)",
					"@executable_path/Frameworks",
					"@loader_path/Frameworks",
				);
				PRODUCT_BUNDLE_IDENTIFIER = CEDesigns.InstafilterTests;
				PRODUCT_NAME = "$(TARGET_NAME)";
				SWIFT_VERSION = 5.0;
				TARGETED_DEVICE_FAMILY = "1,2";
				TEST_HOST = "$(BUILT_PRODUCTS_DIR)/Instafilter.app/Instafilter";
			};
			name = Debug;
		};
		AED9FF8124D98DFF007D2853 /* Release */ = {
			isa = XCBuildConfiguration;
			buildSettings = {
				ALWAYS_EMBED_SWIFT_STANDARD_LIBRARIES = YES;
				BUNDLE_LOADER = "$(TEST_HOST)";
				CODE_SIGN_STYLE = Automatic;
				DEVELOPMENT_TEAM = Y3F5JHY7V5;
				INFOPLIST_FILE = InstafilterTests/Info.plist;
				IPHONEOS_DEPLOYMENT_TARGET = 13.6;
				LD_RUNPATH_SEARCH_PATHS = (
					"$(inherited)",
					"@executable_path/Frameworks",
					"@loader_path/Frameworks",
				);
				PRODUCT_BUNDLE_IDENTIFIER = CEDesigns.InstafilterTests;
				PRODUCT_NAME = "$(TARGET_NAME)";
				SWIFT_VERSION = 5.0;
				TARGETED_DEVICE_FAMILY = "1,2";
				TEST_HOST = "$(BUILT_PRODUCTS_DIR)/Instafilter.app/Instafilter";
			};
			name = Release;
		};
		AED9FF8324D98DFF007D2853 /* Debug */ = {
			isa = XCBuildConfiguration;
			buildSettings = {
				ALWAYS_EMBED_SWIFT_STANDARD_LIBRARIES = YES;
				CODE_SIGN_STYLE = Automatic;
				DEVELOPMENT_TEAM = Y3F5JHY7V5;
				INFOPLIST_FILE = InstafilterUITests/Info.plist;
				LD_RUNPATH_SEARCH_PATHS = (
					"$(inherited)",
					"@executable_path/Frameworks",
					"@loader_path/Frameworks",
				);
				PRODUCT_BUNDLE_IDENTIFIER = CEDesigns.InstafilterUITests;
				PRODUCT_NAME = "$(TARGET_NAME)";
				SWIFT_VERSION = 5.0;
				TARGETED_DEVICE_FAMILY = "1,2";
				TEST_TARGET_NAME = Instafilter;
			};
			name = Debug;
		};
		AED9FF8424D98DFF007D2853 /* Release */ = {
			isa = XCBuildConfiguration;
			buildSettings = {
				ALWAYS_EMBED_SWIFT_STANDARD_LIBRARIES = YES;
				CODE_SIGN_STYLE = Automatic;
				DEVELOPMENT_TEAM = Y3F5JHY7V5;
				INFOPLIST_FILE = InstafilterUITests/Info.plist;
				LD_RUNPATH_SEARCH_PATHS = (
					"$(inherited)",
					"@executable_path/Frameworks",
					"@loader_path/Frameworks",
				);
				PRODUCT_BUNDLE_IDENTIFIER = CEDesigns.InstafilterUITests;
				PRODUCT_NAME = "$(TARGET_NAME)";
				SWIFT_VERSION = 5.0;
				TARGETED_DEVICE_FAMILY = "1,2";
				TEST_TARGET_NAME = Instafilter;
			};
			name = Release;
		};
/* End XCBuildConfiguration section */

/* Begin XCConfigurationList section */
		AED9FF4D24D98DFC007D2853 /* Build configuration list for PBXProject "Instafilter" */ = {
			isa = XCConfigurationList;
			buildConfigurations = (
				AED9FF7A24D98DFF007D2853 /* Debug */,
				AED9FF7B24D98DFF007D2853 /* Release */,
			);
			defaultConfigurationIsVisible = 0;
			defaultConfigurationName = Release;
		};
		AED9FF7C24D98DFF007D2853 /* Build configuration list for PBXNativeTarget "Instafilter" */ = {
			isa = XCConfigurationList;
			buildConfigurations = (
				AED9FF7D24D98DFF007D2853 /* Debug */,
				AED9FF7E24D98DFF007D2853 /* Release */,
			);
			defaultConfigurationIsVisible = 0;
			defaultConfigurationName = Release;
		};
		AED9FF7F24D98DFF007D2853 /* Build configuration list for PBXNativeTarget "InstafilterTests" */ = {
			isa = XCConfigurationList;
			buildConfigurations = (
				AED9FF8024D98DFF007D2853 /* Debug */,
				AED9FF8124D98DFF007D2853 /* Release */,
			);
			defaultConfigurationIsVisible = 0;
			defaultConfigurationName = Release;
		};
		AED9FF8224D98DFF007D2853 /* Build configuration list for PBXNativeTarget "InstafilterUITests" */ = {
			isa = XCConfigurationList;
			buildConfigurations = (
				AED9FF8324D98DFF007D2853 /* Debug */,
				AED9FF8424D98DFF007D2853 /* Release */,
			);
			defaultConfigurationIsVisible = 0;
			defaultConfigurationName = Release;
		};
/* End XCConfigurationList section */
	};
	rootObject = AED9FF4A24D98DFC007D2853 /* Project object */;
}
